// !$*UTF8*$!
{
	archiveVersion = 1;
	classes = {
	};
	objectVersion = 48;
	objects = {

/* Begin PBXBuildFile section */
		18EF8059208E617A00B0EAA3 /* AppDelegate.swift in Sources */ = {isa = PBXBuildFile; fileRef = 18EF8058208E617A00B0EAA3 /* AppDelegate.swift */; };
		18EF805B208E617A00B0EAA3 /* ViewController.swift in Sources */ = {isa = PBXBuildFile; fileRef = 18EF805A208E617A00B0EAA3 /* ViewController.swift */; };
		18EF805E208E617A00B0EAA3 /* Main.storyboard in Resources */ = {isa = PBXBuildFile; fileRef = 18EF805C208E617A00B0EAA3 /* Main.storyboard */; };
		18EF8060208E617A00B0EAA3 /* Assets.xcassets in Resources */ = {isa = PBXBuildFile; fileRef = 18EF805F208E617A00B0EAA3 /* Assets.xcassets */; };
		18EF8063208E617A00B0EAA3 /* LaunchScreen.storyboard in Resources */ = {isa = PBXBuildFile; fileRef = 18EF8061208E617A00B0EAA3 /* LaunchScreen.storyboard */; };
		18EF806E208E617A00B0EAA3 /* iTunesShowTests.swift in Sources */ = {isa = PBXBuildFile; fileRef = 18EF806D208E617A00B0EAA3 /* iTunesShowTests.swift */; };
		18EF8079208E617A00B0EAA3 /* iTunesShowUITests.swift in Sources */ = {isa = PBXBuildFile; fileRef = 18EF8078208E617A00B0EAA3 /* iTunesShowUITests.swift */; };
		18EF808D208E67C300B0EAA3 /* Header.swift in Sources */ = {isa = PBXBuildFile; fileRef = 18EF808C208E67C300B0EAA3 /* Header.swift */; };
		18EF8091208E6B2100B0EAA3 /* PageStyle.swift in Sources */ = {isa = PBXBuildFile; fileRef = 18EF8090208E6B2100B0EAA3 /* PageStyle.swift */; };
		18EF8093208E6BEB00B0EAA3 /* PageView.swift in Sources */ = {isa = PBXBuildFile; fileRef = 18EF8092208E6BEB00B0EAA3 /* PageView.swift */; };
		18EF8095208E6C3800B0EAA3 /* TitleView.swift in Sources */ = {isa = PBXBuildFile; fileRef = 18EF8094208E6C3800B0EAA3 /* TitleView.swift */; };
		18EF8097208E6CC600B0EAA3 /* ContentView.swift in Sources */ = {isa = PBXBuildFile; fileRef = 18EF8096208E6CC600B0EAA3 /* ContentView.swift */; };
		18EF809C208E6F1900B0EAA3 /* AppleAppViewController.swift in Sources */ = {isa = PBXBuildFile; fileRef = 18EF8098208E6F1900B0EAA3 /* AppleAppViewController.swift */; };
		18EF809D208E6F1900B0EAA3 /* BooksViewController.swift in Sources */ = {isa = PBXBuildFile; fileRef = 18EF8099208E6F1900B0EAA3 /* BooksViewController.swift */; };
		18EF809E208E6F1900B0EAA3 /* AppleMusicViewController.swift in Sources */ = {isa = PBXBuildFile; fileRef = 18EF809A208E6F1900B0EAA3 /* AppleMusicViewController.swift */; };
		18EF809F208E6F1900B0EAA3 /* BaseTableViewController.swift in Sources */ = {isa = PBXBuildFile; fileRef = 18EF809B208E6F1900B0EAA3 /* BaseTableViewController.swift */; };
		18EF80A1208E6F8400B0EAA3 /* Model.swift in Sources */ = {isa = PBXBuildFile; fileRef = 18EF80A0208E6F8400B0EAA3 /* Model.swift */; };
		18EF80A6208E6FC400B0EAA3 /* BookCell.swift in Sources */ = {isa = PBXBuildFile; fileRef = 18EF80A3208E6FC400B0EAA3 /* BookCell.swift */; };
		18EF80A7208E6FC400B0EAA3 /* MusicCell.swift in Sources */ = {isa = PBXBuildFile; fileRef = 18EF80A4208E6FC400B0EAA3 /* MusicCell.swift */; };
		18EF80A8208E6FC400B0EAA3 /* AppCell.swift in Sources */ = {isa = PBXBuildFile; fileRef = 18EF80A5208E6FC400B0EAA3 /* AppCell.swift */; };
		18EF80AA208E6FD800B0EAA3 /* BaseCell.swift in Sources */ = {isa = PBXBuildFile; fileRef = 18EF80A9208E6FD800B0EAA3 /* BaseCell.swift */; };
		54ED127A3207F7B2F26DDDF7 /* Pods_iTunesShow.framework in Frameworks */ = {isa = PBXBuildFile; fileRef = B7FC15BE6E80147FBF33FF97 /* Pods_iTunesShow.framework */; };
/* End PBXBuildFile section */

/* Begin PBXContainerItemProxy section */
		18EF806A208E617A00B0EAA3 /* PBXContainerItemProxy */ = {
			isa = PBXContainerItemProxy;
			containerPortal = 18EF804D208E617900B0EAA3 /* Project object */;
			proxyType = 1;
			remoteGlobalIDString = 18EF8054208E617A00B0EAA3;
			remoteInfo = iTunesShow;
		};
		18EF8075208E617A00B0EAA3 /* PBXContainerItemProxy */ = {
			isa = PBXContainerItemProxy;
			containerPortal = 18EF804D208E617900B0EAA3 /* Project object */;
			proxyType = 1;
			remoteGlobalIDString = 18EF8054208E617A00B0EAA3;
			remoteInfo = iTunesShow;
		};
/* End PBXContainerItemProxy section */

/* Begin PBXFileReference section */
		18EF8055208E617A00B0EAA3 /* iTunesShow.app */ = {isa = PBXFileReference; explicitFileType = wrapper.application; includeInIndex = 0; path = iTunesShow.app; sourceTree = BUILT_PRODUCTS_DIR; };
		18EF8058208E617A00B0EAA3 /* AppDelegate.swift */ = {isa = PBXFileReference; lastKnownFileType = sourcecode.swift; path = AppDelegate.swift; sourceTree = "<group>"; };
		18EF805A208E617A00B0EAA3 /* ViewController.swift */ = {isa = PBXFileReference; lastKnownFileType = sourcecode.swift; path = ViewController.swift; sourceTree = "<group>"; };
		18EF805D208E617A00B0EAA3 /* Base */ = {isa = PBXFileReference; lastKnownFileType = file.storyboard; name = Base; path = Base.lproj/Main.storyboard; sourceTree = "<group>"; };
		18EF805F208E617A00B0EAA3 /* Assets.xcassets */ = {isa = PBXFileReference; lastKnownFileType = folder.assetcatalog; path = Assets.xcassets; sourceTree = "<group>"; };
		18EF8062208E617A00B0EAA3 /* Base */ = {isa = PBXFileReference; lastKnownFileType = file.storyboard; name = Base; path = Base.lproj/LaunchScreen.storyboard; sourceTree = "<group>"; };
		18EF8064208E617A00B0EAA3 /* Info.plist */ = {isa = PBXFileReference; lastKnownFileType = text.plist.xml; path = Info.plist; sourceTree = "<group>"; };
		18EF8069208E617A00B0EAA3 /* iTunesShowTests.xctest */ = {isa = PBXFileReference; explicitFileType = wrapper.cfbundle; includeInIndex = 0; path = iTunesShowTests.xctest; sourceTree = BUILT_PRODUCTS_DIR; };
		18EF806D208E617A00B0EAA3 /* iTunesShowTests.swift */ = {isa = PBXFileReference; lastKnownFileType = sourcecode.swift; path = iTunesShowTests.swift; sourceTree = "<group>"; };
		18EF806F208E617A00B0EAA3 /* Info.plist */ = {isa = PBXFileReference; lastKnownFileType = text.plist.xml; path = Info.plist; sourceTree = "<group>"; };
		18EF8074208E617A00B0EAA3 /* iTunesShowUITests.xctest */ = {isa = PBXFileReference; explicitFileType = wrapper.cfbundle; includeInIndex = 0; path = iTunesShowUITests.xctest; sourceTree = BUILT_PRODUCTS_DIR; };
		18EF8078208E617A00B0EAA3 /* iTunesShowUITests.swift */ = {isa = PBXFileReference; lastKnownFileType = sourcecode.swift; path = iTunesShowUITests.swift; sourceTree = "<group>"; };
		18EF807A208E617A00B0EAA3 /* Info.plist */ = {isa = PBXFileReference; lastKnownFileType = text.plist.xml; path = Info.plist; sourceTree = "<group>"; };
		18EF808C208E67C300B0EAA3 /* Header.swift */ = {isa = PBXFileReference; lastKnownFileType = sourcecode.swift; path = Header.swift; sourceTree = "<group>"; };
		18EF8090208E6B2100B0EAA3 /* PageStyle.swift */ = {isa = PBXFileReference; lastKnownFileType = sourcecode.swift; path = PageStyle.swift; sourceTree = "<group>"; };
		18EF8092208E6BEB00B0EAA3 /* PageView.swift */ = {isa = PBXFileReference; lastKnownFileType = sourcecode.swift; path = PageView.swift; sourceTree = "<group>"; };
		18EF8094208E6C3800B0EAA3 /* TitleView.swift */ = {isa = PBXFileReference; lastKnownFileType = sourcecode.swift; path = TitleView.swift; sourceTree = "<group>"; };
		18EF8096208E6CC600B0EAA3 /* ContentView.swift */ = {isa = PBXFileReference; lastKnownFileType = sourcecode.swift; path = ContentView.swift; sourceTree = "<group>"; };
		18EF8098208E6F1900B0EAA3 /* AppleAppViewController.swift */ = {isa = PBXFileReference; fileEncoding = 4; lastKnownFileType = sourcecode.swift; path = AppleAppViewController.swift; sourceTree = "<group>"; };
		18EF8099208E6F1900B0EAA3 /* BooksViewController.swift */ = {isa = PBXFileReference; fileEncoding = 4; lastKnownFileType = sourcecode.swift; path = BooksViewController.swift; sourceTree = "<group>"; };
		18EF809A208E6F1900B0EAA3 /* AppleMusicViewController.swift */ = {isa = PBXFileReference; fileEncoding = 4; lastKnownFileType = sourcecode.swift; path = AppleMusicViewController.swift; sourceTree = "<group>"; };
		18EF809B208E6F1900B0EAA3 /* BaseTableViewController.swift */ = {isa = PBXFileReference; fileEncoding = 4; lastKnownFileType = sourcecode.swift; path = BaseTableViewController.swift; sourceTree = "<group>"; };
		18EF80A0208E6F8400B0EAA3 /* Model.swift */ = {isa = PBXFileReference; fileEncoding = 4; lastKnownFileType = sourcecode.swift; path = Model.swift; sourceTree = "<group>"; };
		18EF80A3208E6FC400B0EAA3 /* BookCell.swift */ = {isa = PBXFileReference; fileEncoding = 4; lastKnownFileType = sourcecode.swift; path = BookCell.swift; sourceTree = "<group>"; };
		18EF80A4208E6FC400B0EAA3 /* MusicCell.swift */ = {isa = PBXFileReference; fileEncoding = 4; lastKnownFileType = sourcecode.swift; path = MusicCell.swift; sourceTree = "<group>"; };
		18EF80A5208E6FC400B0EAA3 /* AppCell.swift */ = {isa = PBXFileReference; fileEncoding = 4; lastKnownFileType = sourcecode.swift; path = AppCell.swift; sourceTree = "<group>"; };
		18EF80A9208E6FD800B0EAA3 /* BaseCell.swift */ = {isa = PBXFileReference; fileEncoding = 4; lastKnownFileType = sourcecode.swift; path = BaseCell.swift; sourceTree = "<group>"; };
		B7FC15BE6E80147FBF33FF97 /* Pods_iTunesShow.framework */ = {isa = PBXFileReference; explicitFileType = wrapper.framework; includeInIndex = 0; path = Pods_iTunesShow.framework; sourceTree = BUILT_PRODUCTS_DIR; };
		D3D95452025221CB0052165A /* Pods-iTunesShow.release.xcconfig */ = {isa = PBXFileReference; includeInIndex = 1; lastKnownFileType = text.xcconfig; name = "Pods-iTunesShow.release.xcconfig"; path = "Pods/Target Support Files/Pods-iTunesShow/Pods-iTunesShow.release.xcconfig"; sourceTree = "<group>"; };
		D5D8A87D09544837BC3E9358 /* Pods-iTunesShow.debug.xcconfig */ = {isa = PBXFileReference; includeInIndex = 1; lastKnownFileType = text.xcconfig; name = "Pods-iTunesShow.debug.xcconfig"; path = "Pods/Target Support Files/Pods-iTunesShow/Pods-iTunesShow.debug.xcconfig"; sourceTree = "<group>"; };
/* End PBXFileReference section */

/* Begin PBXFrameworksBuildPhase section */
		18EF8052208E617A00B0EAA3 /* Frameworks */ = {
			isa = PBXFrameworksBuildPhase;
			buildActionMask = 2147483647;
			files = (
				54ED127A3207F7B2F26DDDF7 /* Pods_iTunesShow.framework in Frameworks */,
			);
			runOnlyForDeploymentPostprocessing = 0;
		};
		18EF8066208E617A00B0EAA3 /* Frameworks */ = {
			isa = PBXFrameworksBuildPhase;
			buildActionMask = 2147483647;
			files = (
			);
			runOnlyForDeploymentPostprocessing = 0;
		};
		18EF8071208E617A00B0EAA3 /* Frameworks */ = {
			isa = PBXFrameworksBuildPhase;
			buildActionMask = 2147483647;
			files = (
			);
			runOnlyForDeploymentPostprocessing = 0;
		};
/* End PBXFrameworksBuildPhase section */

/* Begin PBXGroup section */
		18EF804C208E617900B0EAA3 = {
			isa = PBXGroup;
			children = (
				18EF8057208E617A00B0EAA3 /* iTunesShow */,
				18EF806C208E617A00B0EAA3 /* iTunesShowTests */,
				18EF8077208E617A00B0EAA3 /* iTunesShowUITests */,
				18EF8056208E617A00B0EAA3 /* Products */,
				8C466F50C88E558D6FAFD9C5 /* Pods */,
				7479DECB5F2B7F5A66A6D1D4 /* Frameworks */,
			);
			sourceTree = "<group>";
		};
		18EF8056208E617A00B0EAA3 /* Products */ = {
			isa = PBXGroup;
			children = (
				18EF8055208E617A00B0EAA3 /* iTunesShow.app */,
				18EF8069208E617A00B0EAA3 /* iTunesShowTests.xctest */,
				18EF8074208E617A00B0EAA3 /* iTunesShowUITests.xctest */,
			);
			name = Products;
			sourceTree = "<group>";
		};
		18EF8057208E617A00B0EAA3 /* iTunesShow */ = {
			isa = PBXGroup;
			children = (
				18EF8089208E66A100B0EAA3 /* Tool */,
				18EF8088208E664D00B0EAA3 /* Controller */,
				18EF8086208E664500B0EAA3 /* Model */,
				18EF8087208E664500B0EAA3 /* View */,
				18EF8058208E617A00B0EAA3 /* AppDelegate.swift */,
				18EF805A208E617A00B0EAA3 /* ViewController.swift */,
				18EF805C208E617A00B0EAA3 /* Main.storyboard */,
				18EF805F208E617A00B0EAA3 /* Assets.xcassets */,
				18EF8061208E617A00B0EAA3 /* LaunchScreen.storyboard */,
				18EF8064208E617A00B0EAA3 /* Info.plist */,
				18EF808C208E67C300B0EAA3 /* Header.swift */,
			);
			path = iTunesShow;
			sourceTree = "<group>";
		};
		18EF806C208E617A00B0EAA3 /* iTunesShowTests */ = {
			isa = PBXGroup;
			children = (
				18EF806D208E617A00B0EAA3 /* iTunesShowTests.swift */,
				18EF806F208E617A00B0EAA3 /* Info.plist */,
			);
			path = iTunesShowTests;
			sourceTree = "<group>";
		};
		18EF8077208E617A00B0EAA3 /* iTunesShowUITests */ = {
			isa = PBXGroup;
			children = (
				18EF8078208E617A00B0EAA3 /* iTunesShowUITests.swift */,
				18EF807A208E617A00B0EAA3 /* Info.plist */,
			);
			path = iTunesShowUITests;
			sourceTree = "<group>";
		};
		18EF8086208E664500B0EAA3 /* Model */ = {
			isa = PBXGroup;
			children = (
				18EF80A0208E6F8400B0EAA3 /* Model.swift */,
			);
			path = Model;
			sourceTree = "<group>";
		};
		18EF8087208E664500B0EAA3 /* View */ = {
			isa = PBXGroup;
			children = (
				18EF80A2208E6FB700B0EAA3 /* TableViewCell */,
				18EF808F208E6AAA00B0EAA3 /* SegmentControllerView */,
			);
			path = View;
			sourceTree = "<group>";
		};
		18EF8088208E664D00B0EAA3 /* Controller */ = {
			isa = PBXGroup;
			children = (
				18EF8098208E6F1900B0EAA3 /* AppleAppViewController.swift */,
				18EF809A208E6F1900B0EAA3 /* AppleMusicViewController.swift */,
				18EF809B208E6F1900B0EAA3 /* BaseTableViewController.swift */,
				18EF8099208E6F1900B0EAA3 /* BooksViewController.swift */,
			);
			path = Controller;
			sourceTree = "<group>";
		};
		18EF8089208E66A100B0EAA3 /* Tool */ = {
			isa = PBXGroup;
			children = (
			);
			path = Tool;
			sourceTree = "<group>";
		};
		18EF808F208E6AAA00B0EAA3 /* SegmentControllerView */ = {
			isa = PBXGroup;
			children = (
				18EF8090208E6B2100B0EAA3 /* PageStyle.swift */,
				18EF8092208E6BEB00B0EAA3 /* PageView.swift */,
				18EF8094208E6C3800B0EAA3 /* TitleView.swift */,
				18EF8096208E6CC600B0EAA3 /* ContentView.swift */,
			);
			path = SegmentControllerView;
			sourceTree = "<group>";
		};
		18EF80A2208E6FB700B0EAA3 /* TableViewCell */ = {
			isa = PBXGroup;
			children = (
				18EF80A9208E6FD800B0EAA3 /* BaseCell.swift */,
				18EF80A5208E6FC400B0EAA3 /* AppCell.swift */,
				18EF80A3208E6FC400B0EAA3 /* BookCell.swift */,
				18EF80A4208E6FC400B0EAA3 /* MusicCell.swift */,
			);
			path = TableViewCell;
			sourceTree = "<group>";
		};
		7479DECB5F2B7F5A66A6D1D4 /* Frameworks */ = {
			isa = PBXGroup;
			children = (
				B7FC15BE6E80147FBF33FF97 /* Pods_iTunesShow.framework */,
			);
			name = Frameworks;
			sourceTree = "<group>";
		};
		8C466F50C88E558D6FAFD9C5 /* Pods */ = {
			isa = PBXGroup;
			children = (
				D5D8A87D09544837BC3E9358 /* Pods-iTunesShow.debug.xcconfig */,
				D3D95452025221CB0052165A /* Pods-iTunesShow.release.xcconfig */,
			);
			name = Pods;
			sourceTree = "<group>";
		};
/* End PBXGroup section */

/* Begin PBXNativeTarget section */
		18EF8054208E617A00B0EAA3 /* iTunesShow */ = {
			isa = PBXNativeTarget;
			buildConfigurationList = 18EF807D208E617A00B0EAA3 /* Build configuration list for PBXNativeTarget "iTunesShow" */;
			buildPhases = (
				18DD22F83A41032C26D97166 /* [CP] Check Pods Manifest.lock */,
				18EF8051208E617A00B0EAA3 /* Sources */,
				18EF8052208E617A00B0EAA3 /* Frameworks */,
				18EF8053208E617A00B0EAA3 /* Resources */,
				30B0031D1602524ECF2AAEF2 /* [CP] Embed Pods Frameworks */,
				7D5780F45C8A657B693789D2 /* [CP] Copy Pods Resources */,
			);
			buildRules = (
			);
			dependencies = (
			);
			name = iTunesShow;
			productName = iTunesShow;
			productReference = 18EF8055208E617A00B0EAA3 /* iTunesShow.app */;
			productType = "com.apple.product-type.application";
		};
		18EF8068208E617A00B0EAA3 /* iTunesShowTests */ = {
			isa = PBXNativeTarget;
			buildConfigurationList = 18EF8080208E617A00B0EAA3 /* Build configuration list for PBXNativeTarget "iTunesShowTests" */;
			buildPhases = (
				18EF8065208E617A00B0EAA3 /* Sources */,
				18EF8066208E617A00B0EAA3 /* Frameworks */,
				18EF8067208E617A00B0EAA3 /* Resources */,
			);
			buildRules = (
			);
			dependencies = (
				18EF806B208E617A00B0EAA3 /* PBXTargetDependency */,
			);
			name = iTunesShowTests;
			productName = iTunesShowTests;
			productReference = 18EF8069208E617A00B0EAA3 /* iTunesShowTests.xctest */;
			productType = "com.apple.product-type.bundle.unit-test";
		};
		18EF8073208E617A00B0EAA3 /* iTunesShowUITests */ = {
			isa = PBXNativeTarget;
			buildConfigurationList = 18EF8083208E617A00B0EAA3 /* Build configuration list for PBXNativeTarget "iTunesShowUITests" */;
			buildPhases = (
				18EF8070208E617A00B0EAA3 /* Sources */,
				18EF8071208E617A00B0EAA3 /* Frameworks */,
				18EF8072208E617A00B0EAA3 /* Resources */,
			);
			buildRules = (
			);
			dependencies = (
				18EF8076208E617A00B0EAA3 /* PBXTargetDependency */,
			);
			name = iTunesShowUITests;
			productName = iTunesShowUITests;
			productReference = 18EF8074208E617A00B0EAA3 /* iTunesShowUITests.xctest */;
			productType = "com.apple.product-type.bundle.ui-testing";
		};
/* End PBXNativeTarget section */

/* Begin PBXProject section */
		18EF804D208E617900B0EAA3 /* Project object */ = {
			isa = PBXProject;
			attributes = {
				LastSwiftUpdateCheck = 0920;
				LastUpgradeCheck = 0920;
				ORGANIZATIONNAME = "Xin Chen";
				TargetAttributes = {
					18EF8054208E617A00B0EAA3 = {
						CreatedOnToolsVersion = 9.2;
						ProvisioningStyle = Automatic;
					};
					18EF8068208E617A00B0EAA3 = {
						CreatedOnToolsVersion = 9.2;
						ProvisioningStyle = Automatic;
						TestTargetID = 18EF8054208E617A00B0EAA3;
					};
					18EF8073208E617A00B0EAA3 = {
						CreatedOnToolsVersion = 9.2;
						ProvisioningStyle = Automatic;
						TestTargetID = 18EF8054208E617A00B0EAA3;
					};
				};
			};
			buildConfigurationList = 18EF8050208E617900B0EAA3 /* Build configuration list for PBXProject "iTunesShow" */;
			compatibilityVersion = "Xcode 8.0";
			developmentRegion = en;
			hasScannedForEncodings = 0;
			knownRegions = (
				en,
				Base,
			);
			mainGroup = 18EF804C208E617900B0EAA3;
			productRefGroup = 18EF8056208E617A00B0EAA3 /* Products */;
			projectDirPath = "";
			projectRoot = "";
			targets = (
				18EF8054208E617A00B0EAA3 /* iTunesShow */,
				18EF8068208E617A00B0EAA3 /* iTunesShowTests */,
				18EF8073208E617A00B0EAA3 /* iTunesShowUITests */,
			);
		};
/* End PBXProject section */

/* Begin PBXResourcesBuildPhase section */
		18EF8053208E617A00B0EAA3 /* Resources */ = {
			isa = PBXResourcesBuildPhase;
			buildActionMask = 2147483647;
			files = (
				18EF8063208E617A00B0EAA3 /* LaunchScreen.storyboard in Resources */,
				18EF8060208E617A00B0EAA3 /* Assets.xcassets in Resources */,
				18EF805E208E617A00B0EAA3 /* Main.storyboard in Resources */,
			);
			runOnlyForDeploymentPostprocessing = 0;
		};
		18EF8067208E617A00B0EAA3 /* Resources */ = {
			isa = PBXResourcesBuildPhase;
			buildActionMask = 2147483647;
			files = (
			);
			runOnlyForDeploymentPostprocessing = 0;
		};
		18EF8072208E617A00B0EAA3 /* Resources */ = {
			isa = PBXResourcesBuildPhase;
			buildActionMask = 2147483647;
			files = (
			);
			runOnlyForDeploymentPostprocessing = 0;
		};
/* End PBXResourcesBuildPhase section */

/* Begin PBXShellScriptBuildPhase section */
		18DD22F83A41032C26D97166 /* [CP] Check Pods Manifest.lock */ = {
			isa = PBXShellScriptBuildPhase;
			buildActionMask = 2147483647;
			files = (
			);
			inputPaths = (
				"${PODS_PODFILE_DIR_PATH}/Podfile.lock",
				"${PODS_ROOT}/Manifest.lock",
			);
			name = "[CP] Check Pods Manifest.lock";
			outputPaths = (
				"$(DERIVED_FILE_DIR)/Pods-iTunesShow-checkManifestLockResult.txt",
			);
			runOnlyForDeploymentPostprocessing = 0;
			shellPath = /bin/sh;
			shellScript = "diff \"${PODS_PODFILE_DIR_PATH}/Podfile.lock\" \"${PODS_ROOT}/Manifest.lock\" > /dev/null\nif [ $? != 0 ] ; then\n    # print error to STDERR\n    echo \"error: The sandbox is not in sync with the Podfile.lock. Run 'pod install' or update your CocoaPods installation.\" >&2\n    exit 1\nfi\n# This output is used by Xcode 'outputs' to avoid re-running this script phase.\necho \"SUCCESS\" > \"${SCRIPT_OUTPUT_FILE_0}\"\n";
			showEnvVarsInLog = 0;
		};
		30B0031D1602524ECF2AAEF2 /* [CP] Embed Pods Frameworks */ = {
			isa = PBXShellScriptBuildPhase;
			buildActionMask = 2147483647;
			files = (
			);
			inputPaths = (
				"${SRCROOT}/Pods/Target Support Files/Pods-iTunesShow/Pods-iTunesShow-frameworks.sh",
				"${BUILT_PRODUCTS_DIR}/Alamofire/Alamofire.framework",
				"${BUILT_PRODUCTS_DIR}/SDWebImage/SDWebImage.framework",
				"${BUILT_PRODUCTS_DIR}/SnapKit/SnapKit.framework",
			);
			name = "[CP] Embed Pods Frameworks";
			outputPaths = (
				"${TARGET_BUILD_DIR}/${FRAMEWORKS_FOLDER_PATH}/Alamofire.framework",
				"${TARGET_BUILD_DIR}/${FRAMEWORKS_FOLDER_PATH}/SDWebImage.framework",
				"${TARGET_BUILD_DIR}/${FRAMEWORKS_FOLDER_PATH}/SnapKit.framework",
			);
			runOnlyForDeploymentPostprocessing = 0;
			shellPath = /bin/sh;
			shellScript = "\"${SRCROOT}/Pods/Target Support Files/Pods-iTunesShow/Pods-iTunesShow-frameworks.sh\"\n";
			showEnvVarsInLog = 0;
		};
		7D5780F45C8A657B693789D2 /* [CP] Copy Pods Resources */ = {
			isa = PBXShellScriptBuildPhase;
			buildActionMask = 2147483647;
			files = (
			);
			inputPaths = (
			);
			name = "[CP] Copy Pods Resources";
			outputPaths = (
			);
			runOnlyForDeploymentPostprocessing = 0;
			shellPath = /bin/sh;
			shellScript = "\"${SRCROOT}/Pods/Target Support Files/Pods-iTunesShow/Pods-iTunesShow-resources.sh\"\n";
			showEnvVarsInLog = 0;
		};
/* End PBXShellScriptBuildPhase section */

/* Begin PBXSourcesBuildPhase section */
		18EF8051208E617A00B0EAA3 /* Sources */ = {
			isa = PBXSourcesBuildPhase;
			buildActionMask = 2147483647;
			files = (
				18EF80A8208E6FC400B0EAA3 /* AppCell.swift in Sources */,
				18EF8093208E6BEB00B0EAA3 /* PageView.swift in Sources */,
				18EF809C208E6F1900B0EAA3 /* AppleAppViewController.swift in Sources */,
				18EF8091208E6B2100B0EAA3 /* PageStyle.swift in Sources */,
				18EF80AA208E6FD800B0EAA3 /* BaseCell.swift in Sources */,
				18EF80A1208E6F8400B0EAA3 /* Model.swift in Sources */,
				18EF80A6208E6FC400B0EAA3 /* BookCell.swift in Sources */,
				18EF8097208E6CC600B0EAA3 /* ContentView.swift in Sources */,
				18EF805B208E617A00B0EAA3 /* ViewController.swift in Sources */,
				18EF809E208E6F1900B0EAA3 /* AppleMusicViewController.swift in Sources */,
				18EF808D208E67C300B0EAA3 /* Header.swift in Sources */,
				18EF80A7208E6FC400B0EAA3 /* MusicCell.swift in Sources */,
				18EF8059208E617A00B0EAA3 /* AppDelegate.swift in Sources */,
				18EF8095208E6C3800B0EAA3 /* TitleView.swift in Sources */,
				18EF809F208E6F1900B0EAA3 /* BaseTableViewController.swift in Sources */,
				18EF809D208E6F1900B0EAA3 /* BooksViewController.swift in Sources */,
			);
			runOnlyForDeploymentPostprocessing = 0;
		};
		18EF8065208E617A00B0EAA3 /* Sources */ = {
			isa = PBXSourcesBuildPhase;
			buildActionMask = 2147483647;
			files = (
				18EF806E208E617A00B0EAA3 /* iTunesShowTests.swift in Sources */,
			);
			runOnlyForDeploymentPostprocessing = 0;
		};
		18EF8070208E617A00B0EAA3 /* Sources */ = {
			isa = PBXSourcesBuildPhase;
			buildActionMask = 2147483647;
			files = (
				18EF8079208E617A00B0EAA3 /* iTunesShowUITests.swift in Sources */,
			);
			runOnlyForDeploymentPostprocessing = 0;
		};
/* End PBXSourcesBuildPhase section */

/* Begin PBXTargetDependency section */
		18EF806B208E617A00B0EAA3 /* PBXTargetDependency */ = {
			isa = PBXTargetDependency;
			target = 18EF8054208E617A00B0EAA3 /* iTunesShow */;
			targetProxy = 18EF806A208E617A00B0EAA3 /* PBXContainerItemProxy */;
		};
		18EF8076208E617A00B0EAA3 /* PBXTargetDependency */ = {
			isa = PBXTargetDependency;
			target = 18EF8054208E617A00B0EAA3 /* iTunesShow */;
			targetProxy = 18EF8075208E617A00B0EAA3 /* PBXContainerItemProxy */;
		};
/* End PBXTargetDependency section */

/* Begin PBXVariantGroup section */
		18EF805C208E617A00B0EAA3 /* Main.storyboard */ = {
			isa = PBXVariantGroup;
			children = (
				18EF805D208E617A00B0EAA3 /* Base */,
			);
			name = Main.storyboard;
			sourceTree = "<group>";
		};
		18EF8061208E617A00B0EAA3 /* LaunchScreen.storyboard */ = {
			isa = PBXVariantGroup;
			children = (
				18EF8062208E617A00B0EAA3 /* Base */,
			);
			name = LaunchScreen.storyboard;
			sourceTree = "<group>";
		};
/* End PBXVariantGroup section */

/* Begin XCBuildConfiguration section */
		18EF807B208E617A00B0EAA3 /* Debug */ = {
			isa = XCBuildConfiguration;
			buildSettings = {
				ALWAYS_SEARCH_USER_PATHS = NO;
				CLANG_ANALYZER_NONNULL = YES;
				CLANG_ANALYZER_NUMBER_OBJECT_CONVERSION = YES_AGGRESSIVE;
				CLANG_CXX_LANGUAGE_STANDARD = "gnu++14";
				CLANG_CXX_LIBRARY = "libc++";
				CLANG_ENABLE_MODULES = YES;
				CLANG_ENABLE_OBJC_ARC = YES;
				CLANG_WARN_BLOCK_CAPTURE_AUTORELEASING = YES;
				CLANG_WARN_BOOL_CONVERSION = YES;
				CLANG_WARN_COMMA = YES;
				CLANG_WARN_CONSTANT_CONVERSION = YES;
				CLANG_WARN_DIRECT_OBJC_ISA_USAGE = YES_ERROR;
				CLANG_WARN_DOCUMENTATION_COMMENTS = YES;
				CLANG_WARN_EMPTY_BODY = YES;
				CLANG_WARN_ENUM_CONVERSION = YES;
				CLANG_WARN_INFINITE_RECURSION = YES;
				CLANG_WARN_INT_CONVERSION = YES;
				CLANG_WARN_NON_LITERAL_NULL_CONVERSION = YES;
				CLANG_WARN_OBJC_LITERAL_CONVERSION = YES;
				CLANG_WARN_OBJC_ROOT_CLASS = YES_ERROR;
				CLANG_WARN_RANGE_LOOP_ANALYSIS = YES;
				CLANG_WARN_STRICT_PROTOTYPES = YES;
				CLANG_WARN_SUSPICIOUS_MOVE = YES;
				CLANG_WARN_UNGUARDED_AVAILABILITY = YES_AGGRESSIVE;
				CLANG_WARN_UNREACHABLE_CODE = YES;
				CLANG_WARN__DUPLICATE_METHOD_MATCH = YES;
				CODE_SIGN_IDENTITY = "iPhone Developer";
				COPY_PHASE_STRIP = NO;
				DEBUG_INFORMATION_FORMAT = dwarf;
				ENABLE_STRICT_OBJC_MSGSEND = YES;
				ENABLE_TESTABILITY = YES;
				GCC_C_LANGUAGE_STANDARD = gnu11;
				GCC_DYNAMIC_NO_PIC = NO;
				GCC_NO_COMMON_BLOCKS = YES;
				GCC_OPTIMIZATION_LEVEL = 0;
				GCC_PREPROCESSOR_DEFINITIONS = (
					"DEBUG=1",
					"$(inherited)",
				);
				GCC_WARN_64_TO_32_BIT_CONVERSION = YES;
				GCC_WARN_ABOUT_RETURN_TYPE = YES_ERROR;
				GCC_WARN_UNDECLARED_SELECTOR = YES;
				GCC_WARN_UNINITIALIZED_AUTOS = YES_AGGRESSIVE;
				GCC_WARN_UNUSED_FUNCTION = YES;
				GCC_WARN_UNUSED_VARIABLE = YES;
				IPHONEOS_DEPLOYMENT_TARGET = 11.2;
				MTL_ENABLE_DEBUG_INFO = YES;
				ONLY_ACTIVE_ARCH = YES;
				SDKROOT = iphoneos;
				SWIFT_ACTIVE_COMPILATION_CONDITIONS = DEBUG;
				SWIFT_OPTIMIZATION_LEVEL = "-Onone";
			};
			name = Debug;
		};
		18EF807C208E617A00B0EAA3 /* Release */ = {
			isa = XCBuildConfiguration;
			buildSettings = {
				ALWAYS_SEARCH_USER_PATHS = NO;
				CLANG_ANALYZER_NONNULL = YES;
				CLANG_ANALYZER_NUMBER_OBJECT_CONVERSION = YES_AGGRESSIVE;
				CLANG_CXX_LANGUAGE_STANDARD = "gnu++14";
				CLANG_CXX_LIBRARY = "libc++";
				CLANG_ENABLE_MODULES = YES;
				CLANG_ENABLE_OBJC_ARC = YES;
				CLANG_WARN_BLOCK_CAPTURE_AUTORELEASING = YES;
				CLANG_WARN_BOOL_CONVERSION = YES;
				CLANG_WARN_COMMA = YES;
				CLANG_WARN_CONSTANT_CONVERSION = YES;
				CLANG_WARN_DIRECT_OBJC_ISA_USAGE = YES_ERROR;
				CLANG_WARN_DOCUMENTATION_COMMENTS = YES;
				CLANG_WARN_EMPTY_BODY = YES;
				CLANG_WARN_ENUM_CONVERSION = YES;
				CLANG_WARN_INFINITE_RECURSION = YES;
				CLANG_WARN_INT_CONVERSION = YES;
				CLANG_WARN_NON_LITERAL_NULL_CONVERSION = YES;
				CLANG_WARN_OBJC_LITERAL_CONVERSION = YES;
				CLANG_WARN_OBJC_ROOT_CLASS = YES_ERROR;
				CLANG_WARN_RANGE_LOOP_ANALYSIS = YES;
				CLANG_WARN_STRICT_PROTOTYPES = YES;
				CLANG_WARN_SUSPICIOUS_MOVE = YES;
				CLANG_WARN_UNGUARDED_AVAILABILITY = YES_AGGRESSIVE;
				CLANG_WARN_UNREACHABLE_CODE = YES;
				CLANG_WARN__DUPLICATE_METHOD_MATCH = YES;
				CODE_SIGN_IDENTITY = "iPhone Developer";
				COPY_PHASE_STRIP = NO;
				DEBUG_INFORMATION_FORMAT = "dwarf-with-dsym";
				ENABLE_NS_ASSERTIONS = NO;
				ENABLE_STRICT_OBJC_MSGSEND = YES;
				GCC_C_LANGUAGE_STANDARD = gnu11;
				GCC_NO_COMMON_BLOCKS = YES;
				GCC_WARN_64_TO_32_BIT_CONVERSION = YES;
				GCC_WARN_ABOUT_RETURN_TYPE = YES_ERROR;
				GCC_WARN_UNDECLARED_SELECTOR = YES;
				GCC_WARN_UNINITIALIZED_AUTOS = YES_AGGRESSIVE;
				GCC_WARN_UNUSED_FUNCTION = YES;
				GCC_WARN_UNUSED_VARIABLE = YES;
				IPHONEOS_DEPLOYMENT_TARGET = 11.2;
				MTL_ENABLE_DEBUG_INFO = NO;
				SDKROOT = iphoneos;
				SWIFT_OPTIMIZATION_LEVEL = "-Owholemodule";
				VALIDATE_PRODUCT = YES;
			};
			name = Release;
		};
		18EF807E208E617A00B0EAA3 /* Debug */ = {
			isa = XCBuildConfiguration;
			baseConfigurationReference = D5D8A87D09544837BC3E9358 /* Pods-iTunesShow.debug.xcconfig */;
			buildSettings = {
				ASSETCATALOG_COMPILER_APPICON_NAME = AppIcon;
				CODE_SIGN_STYLE = Automatic;
				INFOPLIST_FILE = iTunesShow/Info.plist;
				LD_RUNPATH_SEARCH_PATHS = "$(inherited) @executable_path/Frameworks";
				PRODUCT_BUNDLE_IDENTIFIER = Ariel.iTunesShow;
				PRODUCT_NAME = "$(TARGET_NAME)";
				SWIFT_VERSION = 4.0;
				TARGETED_DEVICE_FAMILY = "1,2";
			};
			name = Debug;
		};
		18EF807F208E617A00B0EAA3 /* Release */ = {
			isa = XCBuildConfiguration;
			baseConfigurationReference = D3D95452025221CB0052165A /* Pods-iTunesShow.release.xcconfig */;
			buildSettings = {
				ASSETCATALOG_COMPILER_APPICON_NAME = AppIcon;
				CODE_SIGN_STYLE = Automatic;
				INFOPLIST_FILE = iTunesShow/Info.plist;
				LD_RUNPATH_SEARCH_PATHS = "$(inherited) @executable_path/Frameworks";
				PRODUCT_BUNDLE_IDENTIFIER = Ariel.iTunesShow;
				PRODUCT_NAME = "$(TARGET_NAME)";
				SWIFT_VERSION = 4.0;
				TARGETED_DEVICE_FAMILY = "1,2";
			};
			name = Release;
		};
		18EF8081208E617A00B0EAA3 /* Debug */ = {
			isa = XCBuildConfiguration;
			buildSettings = {
				ALWAYS_EMBED_SWIFT_STANDARD_LIBRARIES = YES;
				BUNDLE_LOADER = "$(TEST_HOST)";
				CODE_SIGN_STYLE = Automatic;
				INFOPLIST_FILE = iTunesShowTests/Info.plist;
				LD_RUNPATH_SEARCH_PATHS = "$(inherited) @executable_path/Frameworks @loader_path/Frameworks";
				PRODUCT_BUNDLE_IDENTIFIER = Ariel.iTunesShowTests;
				PRODUCT_NAME = "$(TARGET_NAME)";
				SWIFT_VERSION = 4.0;
				TARGETED_DEVICE_FAMILY = "1,2";
				TEST_HOST = "$(BUILT_PRODUCTS_DIR)/iTunesShow.app/iTunesShow";
			};
			name = Debug;
		};
		18EF8082208E617A00B0EAA3 /* Release */ = {
			isa = XCBuildConfiguration;
			buildSettings = {
				ALWAYS_EMBED_SWIFT_STANDARD_LIBRARIES = YES;
				BUNDLE_LOADER = "$(TEST_HOST)";
				CODE_SIGN_STYLE = Automatic;
				INFOPLIST_FILE = iTunesShowTests/Info.plist;
				LD_RUNPATH_SEARCH_PATHS = "$(inherited) @executable_path/Frameworks @loader_path/Frameworks";
				PRODUCT_BUNDLE_IDENTIFIER = Ariel.iTunesShowTests;
				PRODUCT_NAME = "$(TARGET_NAME)";
				SWIFT_VERSION = 4.0;
				TARGETED_DEVICE_FAMILY = "1,2";
				TEST_HOST = "$(BUILT_PRODUCTS_DIR)/iTunesShow.app/iTunesShow";
			};
			name = Release;
		};
		18EF8084208E617A00B0EAA3 /* Debug */ = {
			isa = XCBuildConfiguration;
			buildSettings = {
				ALWAYS_EMBED_SWIFT_STANDARD_LIBRARIES = YES;
				CODE_SIGN_STYLE = Automatic;
				INFOPLIST_FILE = iTunesShowUITests/Info.plist;
				LD_RUNPATH_SEARCH_PATHS = "$(inherited) @executable_path/Frameworks @loader_path/Frameworks";
				PRODUCT_BUNDLE_IDENTIFIER = Ariel.iTunesShowUITests;
				PRODUCT_NAME = "$(TARGET_NAME)";
				SWIFT_VERSION = 4.0;
				TARGETED_DEVICE_FAMILY = "1,2";
				TEST_TARGET_NAME = iTunesShow;
			};
			name = Debug;
		};
		18EF8085208E617A00B0EAA3 /* Release */ = {
			isa = XCBuildConfiguration;
			buildSettings = {
				ALWAYS_EMBED_SWIFT_STANDARD_LIBRARIES = YES;
				CODE_SIGN_STYLE = Automatic;
				INFOPLIST_FILE = iTunesShowUITests/Info.plist;
				LD_RUNPATH_SEARCH_PATHS = "$(inherited) @executable_path/Frameworks @loader_path/Frameworks";
				PRODUCT_BUNDLE_IDENTIFIER = Ariel.iTunesShowUITests;
				PRODUCT_NAME = "$(TARGET_NAME)";
				SWIFT_VERSION = 4.0;
				TARGETED_DEVICE_FAMILY = "1,2";
				TEST_TARGET_NAME = iTunesShow;
			};
			name = Release;
		};
/* End XCBuildConfiguration section */

/* Begin XCConfigurationList section */
		18EF8050208E617900B0EAA3 /* Build configuration list for PBXProject "iTunesShow" */ = {
			isa = XCConfigurationList;
			buildConfigurations = (
				18EF807B208E617A00B0EAA3 /* Debug */,
				18EF807C208E617A00B0EAA3 /* Release */,
			);
			defaultConfigurationIsVisible = 0;
			defaultConfigurationName = Release;
		};
		18EF807D208E617A00B0EAA3 /* Build configuration list for PBXNativeTarget "iTunesShow" */ = {
			isa = XCConfigurationList;
			buildConfigurations = (
				18EF807E208E617A00B0EAA3 /* Debug */,
				18EF807F208E617A00B0EAA3 /* Release */,
			);
			defaultConfigurationIsVisible = 0;
			defaultConfigurationName = Release;
		};
		18EF8080208E617A00B0EAA3 /* Build configuration list for PBXNativeTarget "iTunesShowTests" */ = {
			isa = XCConfigurationList;
			buildConfigurations = (
				18EF8081208E617A00B0EAA3 /* Debug */,
				18EF8082208E617A00B0EAA3 /* Release */,
			);
			defaultConfigurationIsVisible = 0;
			defaultConfigurationName = Release;
		};
		18EF8083208E617A00B0EAA3 /* Build configuration list for PBXNativeTarget "iTunesShowUITests" */ = {
			isa = XCConfigurationList;
			buildConfigurations = (
				18EF8084208E617A00B0EAA3 /* Debug */,
				18EF8085208E617A00B0EAA3 /* Release */,
			);
			defaultConfigurationIsVisible = 0;
			defaultConfigurationName = Release;
		};
/* End XCConfigurationList section */
	};
	rootObject = 18EF804D208E617900B0EAA3 /* Project object */;
}
